
Microsoft Visual Studio Solution File, Format Version 12.00
Project("{FAE04EC0-301F-11D3-BF4B-00C04F79EFBC}") = "PurpleExplorer", "PurpleExplorer\PurpleExplorer.csproj", "{AE18B1BD-2455-47C5-9C9F-85B144266090}"
EndProject
Global
	GlobalSection(SolutionConfigurationPlatforms) = preSolution
		Debug|Any CPU = Debug|Any CPU
		Release|Any CPU = Release|Any CPU
	EndGlobalSection
	GlobalSection(ProjectConfigurationPlatforms) = postSolution
		{AE18B1BD-2455-47C5-9C9F-85B144266090}.Debug|Any CPU.ActiveCfg = Debug|Any CPU
		{AE18B1BD-2455-47C5-9C9F-85B144266090}.Debug|Any CPU.Build.0 = Debug|Any CPU
		{AE18B1BD-2455-47C5-9C9F-85B144266090}.Release|Any CPU.ActiveCfg = Release|Any CPU
		{AE18B1BD-2455-47C5-9C9F-85B144266090}.Release|Any CPU.Build.0 = Release|Any CPU
	EndGlobalSection
EndGlobal
